
Microsoft Visual Studio Solution File, Format Version 12.00
# Visual Studio Version 17
VisualStudioVersion = 17.8.34330.188
MinimumVisualStudioVersion = 10.0.40219.1
Project("{9A19103F-16F7-4668-BE54-9A1E7A4F7556}") = "LinearAlgebra", "LinearAlgebra\LinearAlgebra.csproj", "{138F5532-55DC-4D5C-9EBB-99EF7FB7B4E5}"
EndProject
Project("{9A19103F-16F7-4668-BE54-9A1E7A4F7556}") = "Linear Algebra Testing", "Testing\Linear Algebra Testing\Linear Algebra Testing.csproj", "{C98AFF24-7130-45D4-A1E8-4EEC218AC47B}"
EndProject
Project("{9A19103F-16F7-4668-BE54-9A1E7A4F7556}") = "Console Testing", "Testing\Console Testing\Console Testing.csproj", "{7A9AA255-B89A-472A-8D8C-A7F92E94E3A9}"
EndProject
Project("{9A19103F-16F7-4668-BE54-9A1E7A4F7556}") = "QuantumCircuitTests", "Testing\QuantumCircuitTests\QuantumCircuitTests.csproj", "{95502234-E3D4-4DDB-A9AB-F3D2DA7C9540}"
EndProject
Project("{9A19103F-16F7-4668-BE54-9A1E7A4F7556}") = "QuantumCircuits", "QuantumCircuits\QuantumCircuits.csproj", "{B3D47062-9AEF-4D4A-9A67-9B4084BBD725}"
EndProject
Project("{9A19103F-16F7-4668-BE54-9A1E7A4F7556}") = "QuantumCircuitConsoleTesting", "Testing\QuantumCircuitConsoleTesting\QuantumCircuitConsoleTesting.csproj", "{6A0B637D-3A96-4148-A4DB-1AA504AF6C0B}"
EndProject
Global
	GlobalSection(SolutionConfigurationPlatforms) = preSolution
		Debug|Any CPU = Debug|Any CPU
		Release|Any CPU = Release|Any CPU
	EndGlobalSection
	GlobalSection(ProjectConfigurationPlatforms) = postSolution
		{138F5532-55DC-4D5C-9EBB-99EF7FB7B4E5}.Debug|Any CPU.ActiveCfg = Debug|Any CPU
		{138F5532-55DC-4D5C-9EBB-99EF7FB7B4E5}.Debug|Any CPU.Build.0 = Debug|Any CPU
		{138F5532-55DC-4D5C-9EBB-99EF7FB7B4E5}.Release|Any CPU.ActiveCfg = Release|Any CPU
		{138F5532-55DC-4D5C-9EBB-99EF7FB7B4E5}.Release|Any CPU.Build.0 = Release|Any CPU
		{C98AFF24-7130-45D4-A1E8-4EEC218AC47B}.Debug|Any CPU.ActiveCfg = Debug|Any CPU
		{C98AFF24-7130-45D4-A1E8-4EEC218AC47B}.Debug|Any CPU.Build.0 = Debug|Any CPU
		{C98AFF24-7130-45D4-A1E8-4EEC218AC47B}.Release|Any CPU.ActiveCfg = Release|Any CPU
		{C98AFF24-7130-45D4-A1E8-4EEC218AC47B}.Release|Any CPU.Build.0 = Release|Any CPU
		{7A9AA255-B89A-472A-8D8C-A7F92E94E3A9}.Debug|Any CPU.ActiveCfg = Debug|Any CPU
		{7A9AA255-B89A-472A-8D8C-A7F92E94E3A9}.Debug|Any CPU.Build.0 = Debug|Any CPU
		{7A9AA255-B89A-472A-8D8C-A7F92E94E3A9}.Release|Any CPU.ActiveCfg = Release|Any CPU
		{7A9AA255-B89A-472A-8D8C-A7F92E94E3A9}.Release|Any CPU.Build.0 = Release|Any CPU
		{95502234-E3D4-4DDB-A9AB-F3D2DA7C9540}.Debug|Any CPU.ActiveCfg = Debug|Any CPU
		{95502234-E3D4-4DDB-A9AB-F3D2DA7C9540}.Debug|Any CPU.Build.0 = Debug|Any CPU
		{95502234-E3D4-4DDB-A9AB-F3D2DA7C9540}.Release|Any CPU.ActiveCfg = Release|Any CPU
		{95502234-E3D4-4DDB-A9AB-F3D2DA7C9540}.Release|Any CPU.Build.0 = Release|Any CPU
		{B3D47062-9AEF-4D4A-9A67-9B4084BBD725}.Debug|Any CPU.ActiveCfg = Debug|Any CPU
		{B3D47062-9AEF-4D4A-9A67-9B4084BBD725}.Debug|Any CPU.Build.0 = Debug|Any CPU
		{B3D47062-9AEF-4D4A-9A67-9B4084BBD725}.Release|Any CPU.ActiveCfg = Release|Any CPU
		{B3D47062-9AEF-4D4A-9A67-9B4084BBD725}.Release|Any CPU.Build.0 = Release|Any CPU
		{6A0B637D-3A96-4148-A4DB-1AA504AF6C0B}.Debug|Any CPU.ActiveCfg = Debug|Any CPU
		{6A0B637D-3A96-4148-A4DB-1AA504AF6C0B}.Debug|Any CPU.Build.0 = Debug|Any CPU
		{6A0B637D-3A96-4148-A4DB-1AA504AF6C0B}.Release|Any CPU.ActiveCfg = Release|Any CPU
		{6A0B637D-3A96-4148-A4DB-1AA504AF6C0B}.Release|Any CPU.Build.0 = Release|Any CPU
	EndGlobalSection
	GlobalSection(SolutionProperties) = preSolution
		HideSolutionNode = FALSE
	EndGlobalSection
	GlobalSection(ExtensibilityGlobals) = postSolution
		SolutionGuid = {33B1F2EE-B7BF-4DA8-87B0-93655E77E499}
	EndGlobalSection
EndGlobal
